
Microsoft Visual Studio Solution File, Format Version 12.00
# Visual Studio Version 17
VisualStudioVersion = 17.8.34525.116
MinimumVisualStudioVersion = 10.0.40219.1
Project("{FAE04EC0-301F-11D3-BF4B-00C04F79EFBC}") = "calculator", "calculator.csproj", "{250EE172-6E9E-4213-A914-2B39091E4D28}"
EndProject
Global
	GlobalSection(SolutionConfigurationPlatforms) = preSolution
		Debug|Any CPU = Debug|Any CPU
		Release|Any CPU = Release|Any CPU
	EndGlobalSection
	GlobalSection(ProjectConfigurationPlatforms) = postSolution
		{250EE172-6E9E-4213-A914-2B39091E4D28}.Debug|Any CPU.ActiveCfg = Debug|Any CPU
		{250EE172-6E9E-4213-A914-2B39091E4D28}.Debug|Any CPU.Build.0 = Debug|Any CPU
		{250EE172-6E9E-4213-A914-2B39091E4D28}.Release|Any CPU.ActiveCfg = Release|Any CPU
		{250EE172-6E9E-4213-A914-2B39091E4D28}.Release|Any CPU.Build.0 = Release|Any CPU
	EndGlobalSection
	GlobalSection(SolutionProperties) = preSolution
		HideSolutionNode = FALSE
	EndGlobalSection
	GlobalSection(ExtensibilityGlobals) = postSolution
		SolutionGuid = {FB2A1F7A-AC09-4E31-A6FA-8A4F23A40F9C}
	EndGlobalSection
EndGlobal
